# @generated by Move, please check-in and do not edit manually.

[move]
version = 3
manifest_digest = "EDB93AAA33621E81F47958DB877EB78FBE3228D742A2FC60C50DD190B71887BF"
deps_digest = "F8BBB0CCB2491CA29A3DF03D6F92277A4F3574266507ACD77214D37ECA3F3082"
dependencies = [
  { id = "Sui", name = "Sui" },
]

[[move.package]]
id = "MoveStdlib"
source = { git = "https://github.com/MystenLabs/sui.git", rev = "testnet-v1.60.0", subdir = "crates\\sui-framework\\packages\\move-stdlib" }

[[move.package]]
id = "Sui"
source = { git = "https://github.com/MystenLabs/sui.git", rev = "testnet-v1.60.0", subdir = "crates/sui-framework/packages/sui-framework" }

dependencies = [
  { id = "MoveStdlib", name = "MoveStdlib" },
]

[move.toolchain-version]
compiler-version = "1.59.1"
edition = "2024.beta"
flavor = "sui"

[env]

[env.mainnet]
chain-id = "35834a8a"
original-published-id = "0x9bdc8526e164e7a4eda87f646660a1ae32735c8a4a0ed54b2130368909c536a8"
latest-published-id = "0x9bdc8526e164e7a4eda87f646660a1ae32735c8a4a0ed54b2130368909c536a8"
published-version = "1"

[env.testnet]
chain-id = "4c78adac"
original-published-id = "0x15a5f901aa64a339e9dd55b33a42f55b70072367edb18aaad186937eb6d96be6"
latest-published-id = "0x15a5f901aa64a339e9dd55b33a42f55b70072367edb18aaad186937eb6d96be6"
published-version = "1"
